// !$*UTF8*$!
{
	archiveVersion = 1;
	classes = {
	};
	objectVersion = 56;
	objects = {

/* Begin PBXBuildFile section */
		BD25EE6D2BED58E700347572 /* AppDelegate.swift in Sources */ = {isa = PBXBuildFile; fileRef = BD25EE6C2BED58E700347572 /* AppDelegate.swift */; };
		BD25EE6F2BED58E700347572 /* SceneDelegate.swift in Sources */ = {isa = PBXBuildFile; fileRef = BD25EE6E2BED58E700347572 /* SceneDelegate.swift */; };
		BD25EE742BED58E700347572 /* Base in Resources */ = {isa = PBXBuildFile; fileRef = BD25EE732BED58E700347572 /* Base */; };
		BD25EE762BED58E800347572 /* Assets.xcassets in Resources */ = {isa = PBXBuildFile; fileRef = BD25EE752BED58E800347572 /* Assets.xcassets */; };
		BD25EE792BED58E800347572 /* Base in Resources */ = {isa = PBXBuildFile; fileRef = BD25EE782BED58E800347572 /* Base */; };
		BD25EE842BED58E900347572 /* IntroScreenTests.swift in Sources */ = {isa = PBXBuildFile; fileRef = BD25EE832BED58E900347572 /* IntroScreenTests.swift */; };
		BD25EE8E2BED58E900347572 /* IntroScreenUITests.swift in Sources */ = {isa = PBXBuildFile; fileRef = BD25EE8D2BED58E900347572 /* IntroScreenUITests.swift */; };
		BD25EE902BED58E900347572 /* IntroScreenUITestsLaunchTests.swift in Sources */ = {isa = PBXBuildFile; fileRef = BD25EE8F2BED58E900347572 /* IntroScreenUITestsLaunchTests.swift */; };
		BD25EEA02BED59B700347572 /* OnboardingModel.swift in Sources */ = {isa = PBXBuildFile; fileRef = BD25EE9E2BED59B700347572 /* OnboardingModel.swift */; };
		BD25EEA32BED59C700347572 /* OnboardingCollectionCell.swift in Sources */ = {isa = PBXBuildFile; fileRef = BD25EEA12BED59C700347572 /* OnboardingCollectionCell.swift */; };
		BD25EEA62BED59D100347572 /* ViewController.swift in Sources */ = {isa = PBXBuildFile; fileRef = BD25EEA42BED59D100347572 /* ViewController.swift */; };
/* End PBXBuildFile section */

/* Begin PBXContainerItemProxy section */
		BD25EE802BED58E900347572 /* PBXContainerItemProxy */ = {
			isa = PBXContainerItemProxy;
			containerPortal = BD25EE612BED58E700347572 /* Project object */;
			proxyType = 1;
			remoteGlobalIDString = BD25EE682BED58E700347572;
			remoteInfo = IntroScreen;
		};
		BD25EE8A2BED58E900347572 /* PBXContainerItemProxy */ = {
			isa = PBXContainerItemProxy;
			containerPortal = BD25EE612BED58E700347572 /* Project object */;
			proxyType = 1;
			remoteGlobalIDString = BD25EE682BED58E700347572;
			remoteInfo = IntroScreen;
		};
/* End PBXContainerItemProxy section */

/* Begin PBXFileReference section */
		BD25EE692BED58E700347572 /* IntroScreen.app */ = {isa = PBXFileReference; explicitFileType = wrapper.application; includeInIndex = 0; path = IntroScreen.app; sourceTree = BUILT_PRODUCTS_DIR; };
		BD25EE6C2BED58E700347572 /* AppDelegate.swift */ = {isa = PBXFileReference; lastKnownFileType = sourcecode.swift; path = AppDelegate.swift; sourceTree = "<group>"; };
		BD25EE6E2BED58E700347572 /* SceneDelegate.swift */ = {isa = PBXFileReference; lastKnownFileType = sourcecode.swift; path = SceneDelegate.swift; sourceTree = "<group>"; };
		BD25EE732BED58E700347572 /* Base */ = {isa = PBXFileReference; lastKnownFileType = file.storyboard; name = Base; path = Base.lproj/Main.storyboard; sourceTree = "<group>"; };
		BD25EE752BED58E800347572 /* Assets.xcassets */ = {isa = PBXFileReference; lastKnownFileType = folder.assetcatalog; path = Assets.xcassets; sourceTree = "<group>"; };
		BD25EE782BED58E800347572 /* Base */ = {isa = PBXFileReference; lastKnownFileType = file.storyboard; name = Base; path = Base.lproj/LaunchScreen.storyboard; sourceTree = "<group>"; };
		BD25EE7A2BED58E800347572 /* Info.plist */ = {isa = PBXFileReference; lastKnownFileType = text.plist.xml; path = Info.plist; sourceTree = "<group>"; };
		BD25EE7F2BED58E900347572 /* IntroScreenTests.xctest */ = {isa = PBXFileReference; explicitFileType = wrapper.cfbundle; includeInIndex = 0; path = IntroScreenTests.xctest; sourceTree = BUILT_PRODUCTS_DIR; };
		BD25EE832BED58E900347572 /* IntroScreenTests.swift */ = {isa = PBXFileReference; lastKnownFileType = sourcecode.swift; path = IntroScreenTests.swift; sourceTree = "<group>"; };
		BD25EE892BED58E900347572 /* IntroScreenUITests.xctest */ = {isa = PBXFileReference; explicitFileType = wrapper.cfbundle; includeInIndex = 0; path = IntroScreenUITests.xctest; sourceTree = BUILT_PRODUCTS_DIR; };
		BD25EE8D2BED58E900347572 /* IntroScreenUITests.swift */ = {isa = PBXFileReference; lastKnownFileType = sourcecode.swift; path = IntroScreenUITests.swift; sourceTree = "<group>"; };
		BD25EE8F2BED58E900347572 /* IntroScreenUITestsLaunchTests.swift */ = {isa = PBXFileReference; lastKnownFileType = sourcecode.swift; path = IntroScreenUITestsLaunchTests.swift; sourceTree = "<group>"; };
		BD25EE9E2BED59B700347572 /* OnboardingModel.swift */ = {isa = PBXFileReference; fileEncoding = 4; lastKnownFileType = sourcecode.swift; path = OnboardingModel.swift; sourceTree = "<group>"; };
		BD25EEA12BED59C700347572 /* OnboardingCollectionCell.swift */ = {isa = PBXFileReference; fileEncoding = 4; lastKnownFileType = sourcecode.swift; path = OnboardingCollectionCell.swift; sourceTree = "<group>"; };
		BD25EEA42BED59D100347572 /* ViewController.swift */ = {isa = PBXFileReference; fileEncoding = 4; lastKnownFileType = sourcecode.swift; path = ViewController.swift; sourceTree = "<group>"; };
/* End PBXFileReference section */

/* Begin PBXFrameworksBuildPhase section */
		BD25EE662BED58E700347572 /* Frameworks */ = {
			isa = PBXFrameworksBuildPhase;
			buildActionMask = 2147483647;
			files = (
			);
			runOnlyForDeploymentPostprocessing = 0;
		};
		BD25EE7C2BED58E900347572 /* Frameworks */ = {
			isa = PBXFrameworksBuildPhase;
			buildActionMask = 2147483647;
			files = (
			);
			runOnlyForDeploymentPostprocessing = 0;
		};
		BD25EE862BED58E900347572 /* Frameworks */ = {
			isa = PBXFrameworksBuildPhase;
			buildActionMask = 2147483647;
			files = (
			);
			runOnlyForDeploymentPostprocessing = 0;
		};
/* End PBXFrameworksBuildPhase section */

/* Begin PBXGroup section */
		BD25EE602BED58E700347572 = {
			isa = PBXGroup;
			children = (
				BD25EE6B2BED58E700347572 /* IntroScreen */,
				BD25EE822BED58E900347572 /* IntroScreenTests */,
				BD25EE8C2BED58E900347572 /* IntroScreenUITests */,
				BD25EE6A2BED58E700347572 /* Products */,
			);
			sourceTree = "<group>";
		};
		BD25EE6A2BED58E700347572 /* Products */ = {
			isa = PBXGroup;
			children = (
				BD25EE692BED58E700347572 /* IntroScreen.app */,
				BD25EE7F2BED58E900347572 /* IntroScreenTests.xctest */,
				BD25EE892BED58E900347572 /* IntroScreenUITests.xctest */,
			);
			name = Products;
			sourceTree = "<group>";
		};
		BD25EE6B2BED58E700347572 /* IntroScreen */ = {
			isa = PBXGroup;
			children = (
				BD25EE6C2BED58E700347572 /* AppDelegate.swift */,
				BD25EE6E2BED58E700347572 /* SceneDelegate.swift */,
				BD25EEA52BED59D100347572 /* Controller */,
				BD25EEA22BED59C700347572 /* Views */,
				BD25EE9F2BED59B700347572 /* Model */,
				BD25EE722BED58E700347572 /* Main.storyboard */,
				BD25EE752BED58E800347572 /* Assets.xcassets */,
				BD25EE772BED58E800347572 /* LaunchScreen.storyboard */,
				BD25EE7A2BED58E800347572 /* Info.plist */,
			);
			path = IntroScreen;
			sourceTree = "<group>";
		};
		BD25EE822BED58E900347572 /* IntroScreenTests */ = {
			isa = PBXGroup;
			children = (
				BD25EE832BED58E900347572 /* IntroScreenTests.swift */,
			);
			path = IntroScreenTests;
			sourceTree = "<group>";
		};
		BD25EE8C2BED58E900347572 /* IntroScreenUITests */ = {
			isa = PBXGroup;
			children = (
				BD25EE8D2BED58E900347572 /* IntroScreenUITests.swift */,
				BD25EE8F2BED58E900347572 /* IntroScreenUITestsLaunchTests.swift */,
			);
			path = IntroScreenUITests;
			sourceTree = "<group>";
		};
		BD25EE9F2BED59B700347572 /* Model */ = {
			isa = PBXGroup;
			children = (
				BD25EE9E2BED59B700347572 /* OnboardingModel.swift */,
			);
			path = Model;
			sourceTree = "<group>";
		};
		BD25EEA22BED59C700347572 /* Views */ = {
			isa = PBXGroup;
			children = (
				BD25EEA12BED59C700347572 /* OnboardingCollectionCell.swift */,
			);
			path = Views;
			sourceTree = "<group>";
		};
		BD25EEA52BED59D100347572 /* Controller */ = {
			isa = PBXGroup;
			children = (
				BD25EEA42BED59D100347572 /* ViewController.swift */,
			);
			path = Controller;
			sourceTree = "<group>";
		};
/* End PBXGroup section */

/* Begin PBXNativeTarget section */
		BD25EE682BED58E700347572 /* IntroScreen */ = {
			isa = PBXNativeTarget;
			buildConfigurationList = BD25EE932BED58E900347572 /* Build configuration list for PBXNativeTarget "IntroScreen" */;
			buildPhases = (
				BD25EE652BED58E700347572 /* Sources */,
				BD25EE662BED58E700347572 /* Frameworks */,
				BD25EE672BED58E700347572 /* Resources */,
			);
			buildRules = (
			);
			dependencies = (
			);
			name = IntroScreen;
			productName = IntroScreen;
			productReference = BD25EE692BED58E700347572 /* IntroScreen.app */;
			productType = "com.apple.product-type.application";
		};
		BD25EE7E2BED58E900347572 /* IntroScreenTests */ = {
			isa = PBXNativeTarget;
			buildConfigurationList = BD25EE962BED58E900347572 /* Build configuration list for PBXNativeTarget "IntroScreenTests" */;
			buildPhases = (
				BD25EE7B2BED58E900347572 /* Sources */,
				BD25EE7C2BED58E900347572 /* Frameworks */,
				BD25EE7D2BED58E900347572 /* Resources */,
			);
			buildRules = (
			);
			dependencies = (
				BD25EE812BED58E900347572 /* PBXTargetDependency */,
			);
			name = IntroScreenTests;
			productName = IntroScreenTests;
			productReference = BD25EE7F2BED58E900347572 /* IntroScreenTests.xctest */;
			productType = "com.apple.product-type.bundle.unit-test";
		};
		BD25EE882BED58E900347572 /* IntroScreenUITests */ = {
			isa = PBXNativeTarget;
			buildConfigurationList = BD25EE992BED58E900347572 /* Build configuration list for PBXNativeTarget "IntroScreenUITests" */;
			buildPhases = (
				BD25EE852BED58E900347572 /* Sources */,
				BD25EE862BED58E900347572 /* Frameworks */,
				BD25EE872BED58E900347572 /* Resources */,
			);
			buildRules = (
			);
			dependencies = (
				BD25EE8B2BED58E900347572 /* PBXTargetDependency */,
			);
			name = IntroScreenUITests;
			productName = IntroScreenUITests;
			productReference = BD25EE892BED58E900347572 /* IntroScreenUITests.xctest */;
			productType = "com.apple.product-type.bundle.ui-testing";
		};
/* End PBXNativeTarget section */

/* Begin PBXProject section */
		BD25EE612BED58E700347572 /* Project object */ = {
			isa = PBXProject;
			attributes = {
				BuildIndependentTargetsInParallel = 1;
				LastSwiftUpdateCheck = 1530;
				LastUpgradeCheck = 1530;
				TargetAttributes = {
					BD25EE682BED58E700347572 = {
						CreatedOnToolsVersion = 15.3;
					};
					BD25EE7E2BED58E900347572 = {
						CreatedOnToolsVersion = 15.3;
						TestTargetID = BD25EE682BED58E700347572;
					};
					BD25EE882BED58E900347572 = {
						CreatedOnToolsVersion = 15.3;
						TestTargetID = BD25EE682BED58E700347572;
					};
				};
			};
			buildConfigurationList = BD25EE642BED58E700347572 /* Build configuration list for PBXProject "IntroScreen" */;
			compatibilityVersion = "Xcode 14.0";
			developmentRegion = en;
			hasScannedForEncodings = 0;
			knownRegions = (
				en,
				Base,
			);
			mainGroup = BD25EE602BED58E700347572;
			productRefGroup = BD25EE6A2BED58E700347572 /* Products */;
			projectDirPath = "";
			projectRoot = "";
			targets = (
				BD25EE682BED58E700347572 /* IntroScreen */,
				BD25EE7E2BED58E900347572 /* IntroScreenTests */,
				BD25EE882BED58E900347572 /* IntroScreenUITests */,
			);
		};
/* End PBXProject section */

/* Begin PBXResourcesBuildPhase section */
		BD25EE672BED58E700347572 /* Resources */ = {
			isa = PBXResourcesBuildPhase;
			buildActionMask = 2147483647;
			files = (
				BD25EE762BED58E800347572 /* Assets.xcassets in Resources */,
				BD25EE792BED58E800347572 /* Base in Resources */,
				BD25EE742BED58E700347572 /* Base in Resources */,
			);
			runOnlyForDeploymentPostprocessing = 0;
		};
		BD25EE7D2BED58E900347572 /* Resources */ = {
			isa = PBXResourcesBuildPhase;
			buildActionMask = 2147483647;
			files = (
			);
			runOnlyForDeploymentPostprocessing = 0;
		};
		BD25EE872BED58E900347572 /* Resources */ = {
			isa = PBXResourcesBuildPhase;
			buildActionMask = 2147483647;
			files = (
			);
			runOnlyForDeploymentPostprocessing = 0;
		};
/* End PBXResourcesBuildPhase section */

/* Begin PBXSourcesBuildPhase section */
		BD25EE652BED58E700347572 /* Sources */ = {
			isa = PBXSourcesBuildPhase;
			buildActionMask = 2147483647;
			files = (
				BD25EEA62BED59D100347572 /* ViewController.swift in Sources */,
				BD25EEA02BED59B700347572 /* OnboardingModel.swift in Sources */,
				BD25EE6D2BED58E700347572 /* AppDelegate.swift in Sources */,
				BD25EEA32BED59C700347572 /* OnboardingCollectionCell.swift in Sources */,
				BD25EE6F2BED58E700347572 /* SceneDelegate.swift in Sources */,
			);
			runOnlyForDeploymentPostprocessing = 0;
		};
		BD25EE7B2BED58E900347572 /* Sources */ = {
			isa = PBXSourcesBuildPhase;
			buildActionMask = 2147483647;
			files = (
				BD25EE842BED58E900347572 /* IntroScreenTests.swift in Sources */,
			);
			runOnlyForDeploymentPostprocessing = 0;
		};
		BD25EE852BED58E900347572 /* Sources */ = {
			isa = PBXSourcesBuildPhase;
			buildActionMask = 2147483647;
			files = (
				BD25EE8E2BED58E900347572 /* IntroScreenUITests.swift in Sources */,
				BD25EE902BED58E900347572 /* IntroScreenUITestsLaunchTests.swift in Sources */,
			);
			runOnlyForDeploymentPostprocessing = 0;
		};
/* End PBXSourcesBuildPhase section */

/* Begin PBXTargetDependency section */
		BD25EE812BED58E900347572 /* PBXTargetDependency */ = {
			isa = PBXTargetDependency;
			target = BD25EE682BED58E700347572 /* IntroScreen */;
			targetProxy = BD25EE802BED58E900347572 /* PBXContainerItemProxy */;
		};
		BD25EE8B2BED58E900347572 /* PBXTargetDependency */ = {
			isa = PBXTargetDependency;
			target = BD25EE682BED58E700347572 /* IntroScreen */;
			targetProxy = BD25EE8A2BED58E900347572 /* PBXContainerItemProxy */;
		};
/* End PBXTargetDependency section */

/* Begin PBXVariantGroup section */
		BD25EE722BED58E700347572 /* Main.storyboard */ = {
			isa = PBXVariantGroup;
			children = (
				BD25EE732BED58E700347572 /* Base */,
			);
			name = Main.storyboard;
			sourceTree = "<group>";
		};
		BD25EE772BED58E800347572 /* LaunchScreen.storyboard */ = {
			isa = PBXVariantGroup;
			children = (
				BD25EE782BED58E800347572 /* Base */,
			);
			name = LaunchScreen.storyboard;
			sourceTree = "<group>";
		};
/* End PBXVariantGroup section */

/* Begin XCBuildConfiguration section */
		BD25EE912BED58E900347572 /* Debug */ = {
			isa = XCBuildConfiguration;
			buildSettings = {
				ALWAYS_SEARCH_USER_PATHS = NO;
				ASSETCATALOG_COMPILER_GENERATE_SWIFT_ASSET_SYMBOL_EXTENSIONS = YES;
				CLANG_ANALYZER_NONNULL = YES;
				CLANG_ANALYZER_NUMBER_OBJECT_CONVERSION = YES_AGGRESSIVE;
				CLANG_CXX_LANGUAGE_STANDARD = "gnu++20";
				CLANG_ENABLE_MODULES = YES;
				CLANG_ENABLE_OBJC_ARC = YES;
				CLANG_ENABLE_OBJC_WEAK = YES;
				CLANG_WARN_BLOCK_CAPTURE_AUTORELEASING = YES;
				CLANG_WARN_BOOL_CONVERSION = YES;
				CLANG_WARN_COMMA = YES;
				CLANG_WARN_CONSTANT_CONVERSION = YES;
				CLANG_WARN_DEPRECATED_OBJC_IMPLEMENTATIONS = YES;
				CLANG_WARN_DIRECT_OBJC_ISA_USAGE = YES_ERROR;
				CLANG_WARN_DOCUMENTATION_COMMENTS = YES;
				CLANG_WARN_EMPTY_BODY = YES;
				CLANG_WARN_ENUM_CONVERSION = YES;
				CLANG_WARN_INFINITE_RECURSION = YES;
				CLANG_WARN_INT_CONVERSION = YES;
				CLANG_WARN_NON_LITERAL_NULL_CONVERSION = YES;
				CLANG_WARN_OBJC_IMPLICIT_RETAIN_SELF = YES;
				CLANG_WARN_OBJC_LITERAL_CONVERSION = YES;
				CLANG_WARN_OBJC_ROOT_CLASS = YES_ERROR;
				CLANG_WARN_QUOTED_INCLUDE_IN_FRAMEWORK_HEADER = YES;
				CLANG_WARN_RANGE_LOOP_ANALYSIS = YES;
				CLANG_WARN_STRICT_PROTOTYPES = YES;
				CLANG_WARN_SUSPICIOUS_MOVE = YES;
				CLANG_WARN_UNGUARDED_AVAILABILITY = YES_AGGRESSIVE;
				CLANG_WARN_UNREACHABLE_CODE = YES;
				CLANG_WARN__DUPLICATE_METHOD_MATCH = YES;
				COPY_PHASE_STRIP = NO;
				DEBUG_INFORMATION_FORMAT = dwarf;
				ENABLE_STRICT_OBJC_MSGSEND = YES;
				ENABLE_TESTABILITY = YES;
				ENABLE_USER_SCRIPT_SANDBOXING = YES;
				GCC_C_LANGUAGE_STANDARD = gnu17;
				GCC_DYNAMIC_NO_PIC = NO;
				GCC_NO_COMMON_BLOCKS = YES;
				GCC_OPTIMIZATION_LEVEL = 0;
				GCC_PREPROCESSOR_DEFINITIONS = (
					"DEBUG=1",
					"$(inherited)",
				);
				GCC_WARN_64_TO_32_BIT_CONVERSION = YES;
				GCC_WARN_ABOUT_RETURN_TYPE = YES_ERROR;
				GCC_WARN_UNDECLARED_SELECTOR = YES;
				GCC_WARN_UNINITIALIZED_AUTOS = YES_AGGRESSIVE;
				GCC_WARN_UNUSED_FUNCTION = YES;
				GCC_WARN_UNUSED_VARIABLE = YES;
				IPHONEOS_DEPLOYMENT_TARGET = 17.4;
				LOCALIZATION_PREFERS_STRING_CATALOGS = YES;
				MTL_ENABLE_DEBUG_INFO = INCLUDE_SOURCE;
				MTL_FAST_MATH = YES;
				ONLY_ACTIVE_ARCH = YES;
				SDKROOT = iphoneos;
				SWIFT_ACTIVE_COMPILATION_CONDITIONS = "DEBUG $(inherited)";
				SWIFT_OPTIMIZATION_LEVEL = "-Onone";
			};
			name = Debug;
		};
		BD25EE922BED58E900347572 /* Release */ = {
			isa = XCBuildConfiguration;
			buildSettings = {
				ALWAYS_SEARCH_USER_PATHS = NO;
				ASSETCATALOG_COMPILER_GENERATE_SWIFT_ASSET_SYMBOL_EXTENSIONS = YES;
				CLANG_ANALYZER_NONNULL = YES;
				CLANG_ANALYZER_NUMBER_OBJECT_CONVERSION = YES_AGGRESSIVE;
				CLANG_CXX_LANGUAGE_STANDARD = "gnu++20";
				CLANG_ENABLE_MODULES = YES;
				CLANG_ENABLE_OBJC_ARC = YES;
				CLANG_ENABLE_OBJC_WEAK = YES;
				CLANG_WARN_BLOCK_CAPTURE_AUTORELEASING = YES;
				CLANG_WARN_BOOL_CONVERSION = YES;
				CLANG_WARN_COMMA = YES;
				CLANG_WARN_CONSTANT_CONVERSION = YES;
				CLANG_WARN_DEPRECATED_OBJC_IMPLEMENTATIONS = YES;
				CLANG_WARN_DIRECT_OBJC_ISA_USAGE = YES_ERROR;
				CLANG_WARN_DOCUMENTATION_COMMENTS = YES;
				CLANG_WARN_EMPTY_BODY = YES;
				CLANG_WARN_ENUM_CONVERSION = YES;
				CLANG_WARN_INFINITE_RECURSION = YES;
				CLANG_WARN_INT_CONVERSION = YES;
				CLANG_WARN_NON_LITERAL_NULL_CONVERSION = YES;
				CLANG_WARN_OBJC_IMPLICIT_RETAIN_SELF = YES;
				CLANG_WARN_OBJC_LITERAL_CONVERSION = YES;
				CLANG_WARN_OBJC_ROOT_CLASS = YES_ERROR;
				CLANG_WARN_QUOTED_INCLUDE_IN_FRAMEWORK_HEADER = YES;
				CLANG_WARN_RANGE_LOOP_ANALYSIS = YES;
				CLANG_WARN_STRICT_PROTOTYPES = YES;
				CLANG_WARN_SUSPICIOUS_MOVE = YES;
				CLANG_WARN_UNGUARDED_AVAILABILITY = YES_AGGRESSIVE;
				CLANG_WARN_UNREACHABLE_CODE = YES;
				CLANG_WARN__DUPLICATE_METHOD_MATCH = YES;
				COPY_PHASE_STRIP = NO;
				DEBUG_INFORMATION_FORMAT = "dwarf-with-dsym";
				ENABLE_NS_ASSERTIONS = NO;
				ENABLE_STRICT_OBJC_MSGSEND = YES;
				ENABLE_USER_SCRIPT_SANDBOXING = YES;
				GCC_C_LANGUAGE_STANDARD = gnu17;
				GCC_NO_COMMON_BLOCKS = YES;
				GCC_WARN_64_TO_32_BIT_CONVERSION = YES;
				GCC_WARN_ABOUT_RETURN_TYPE = YES_ERROR;
				GCC_WARN_UNDECLARED_SELECTOR = YES;
				GCC_WARN_UNINITIALIZED_AUTOS = YES_AGGRESSIVE;
				GCC_WARN_UNUSED_FUNCTION = YES;
				GCC_WARN_UNUSED_VARIABLE = YES;
				IPHONEOS_DEPLOYMENT_TARGET = 17.4;
				LOCALIZATION_PREFERS_STRING_CATALOGS = YES;
				MTL_ENABLE_DEBUG_INFO = NO;
				MTL_FAST_MATH = YES;
				SDKROOT = iphoneos;
				SWIFT_COMPILATION_MODE = wholemodule;
				VALIDATE_PRODUCT = YES;
			};
			name = Release;
		};
		BD25EE942BED58E900347572 /* Debug */ = {
			isa = XCBuildConfiguration;
			buildSettings = {
				ASSETCATALOG_COMPILER_APPICON_NAME = AppIcon;
				ASSETCATALOG_COMPILER_GLOBAL_ACCENT_COLOR_NAME = AccentColor;
				CODE_SIGN_STYLE = Automatic;
				CURRENT_PROJECT_VERSION = 1;
				GENERATE_INFOPLIST_FILE = YES;
				INFOPLIST_FILE = IntroScreen/Info.plist;
				INFOPLIST_KEY_UIApplicationSupportsIndirectInputEvents = YES;
				INFOPLIST_KEY_UILaunchStoryboardName = LaunchScreen;
				INFOPLIST_KEY_UIMainStoryboardFile = Main;
				INFOPLIST_KEY_UISupportedInterfaceOrientations_iPad = "UIInterfaceOrientationPortrait UIInterfaceOrientationPortraitUpsideDown UIInterfaceOrientationLandscapeLeft UIInterfaceOrientationLandscapeRight";
				INFOPLIST_KEY_UISupportedInterfaceOrientations_iPhone = "UIInterfaceOrientationPortrait UIInterfaceOrientationLandscapeLeft UIInterfaceOrientationLandscapeRight";
				LD_RUNPATH_SEARCH_PATHS = (
					"$(inherited)",
					"@executable_path/Frameworks",
				);
				MARKETING_VERSION = 1.0;
				PRODUCT_BUNDLE_IDENTIFIER = com.plexustechnology.IntroScreen;
				PRODUCT_NAME = "$(TARGET_NAME)";
				SWIFT_EMIT_LOC_STRINGS = YES;
				SWIFT_VERSION = 5.0;
				TARGETED_DEVICE_FAMILY = "1,2";
			};
			name = Debug;
		};
		BD25EE952BED58E900347572 /* Release */ = {
			isa = XCBuildConfiguration;
			buildSettings = {
				ASSETCATALOG_COMPILER_APPICON_NAME = AppIcon;
				ASSETCATALOG_COMPILER_GLOBAL_ACCENT_COLOR_NAME = AccentColor;
				CODE_SIGN_STYLE = Automatic;
				CURRENT_PROJECT_VERSION = 1;
				GENERATE_INFOPLIST_FILE = YES;
				INFOPLIST_FILE = IntroScreen/Info.plist;
				INFOPLIST_KEY_UIApplicationSupportsIndirectInputEvents = YES;
				INFOPLIST_KEY_UILaunchStoryboardName = LaunchScreen;
				INFOPLIST_KEY_UIMainStoryboardFile = Main;
				INFOPLIST_KEY_UISupportedInterfaceOrientations_iPad = "UIInterfaceOrientationPortrait UIInterfaceOrientationPortraitUpsideDown UIInterfaceOrientationLandscapeLeft UIInterfaceOrientationLandscapeRight";
				INFOPLIST_KEY_UISupportedInterfaceOrientations_iPhone = "UIInterfaceOrientationPortrait UIInterfaceOrientationLandscapeLeft UIInterfaceOrientationLandscapeRight";
				LD_RUNPATH_SEARCH_PATHS = (
					"$(inherited)",
					"@executable_path/Frameworks",
				);
				MARKETING_VERSION = 1.0;
				PRODUCT_BUNDLE_IDENTIFIER = com.plexustechnology.IntroScreen;
				PRODUCT_NAME = "$(TARGET_NAME)";
				SWIFT_EMIT_LOC_STRINGS = YES;
				SWIFT_VERSION = 5.0;
				TARGETED_DEVICE_FAMILY = "1,2";
			};
			name = Release;
		};
		BD25EE972BED58E900347572 /* Debug */ = {
			isa = XCBuildConfiguration;
			buildSettings = {
				ALWAYS_EMBED_SWIFT_STANDARD_LIBRARIES = YES;
				BUNDLE_LOADER = "$(TEST_HOST)";
				CODE_SIGN_STYLE = Automatic;
				CURRENT_PROJECT_VERSION = 1;
				GENERATE_INFOPLIST_FILE = YES;
				IPHONEOS_DEPLOYMENT_TARGET = 17.4;
				MARKETING_VERSION = 1.0;
				PRODUCT_BUNDLE_IDENTIFIER = com.plexustechnology.IntroScreenTests;
				PRODUCT_NAME = "$(TARGET_NAME)";
				SWIFT_EMIT_LOC_STRINGS = NO;
				SWIFT_VERSION = 5.0;
				TARGETED_DEVICE_FAMILY = "1,2";
				TEST_HOST = "$(BUILT_PRODUCTS_DIR)/IntroScreen.app/$(BUNDLE_EXECUTABLE_FOLDER_PATH)/IntroScreen";
			};
			name = Debug;
		};
		BD25EE982BED58E900347572 /* Release */ = {
			isa = XCBuildConfiguration;
			buildSettings = {
				ALWAYS_EMBED_SWIFT_STANDARD_LIBRARIES = YES;
				BUNDLE_LOADER = "$(TEST_HOST)";
				CODE_SIGN_STYLE = Automatic;
				CURRENT_PROJECT_VERSION = 1;
				GENERATE_INFOPLIST_FILE = YES;
				IPHONEOS_DEPLOYMENT_TARGET = 17.4;
				MARKETING_VERSION = 1.0;
				PRODUCT_BUNDLE_IDENTIFIER = com.plexustechnology.IntroScreenTests;
				PRODUCT_NAME = "$(TARGET_NAME)";
				SWIFT_EMIT_LOC_STRINGS = NO;
				SWIFT_VERSION = 5.0;
				TARGETED_DEVICE_FAMILY = "1,2";
				TEST_HOST = "$(BUILT_PRODUCTS_DIR)/IntroScreen.app/$(BUNDLE_EXECUTABLE_FOLDER_PATH)/IntroScreen";
			};
			name = Release;
		};
		BD25EE9A2BED58E900347572 /* Debug */ = {
			isa = XCBuildConfiguration;
			buildSettings = {
				ALWAYS_EMBED_SWIFT_STANDARD_LIBRARIES = YES;
				CODE_SIGN_STYLE = Automatic;
				CURRENT_PROJECT_VERSION = 1;
				GENERATE_INFOPLIST_FILE = YES;
				MARKETING_VERSION = 1.0;
				PRODUCT_BUNDLE_IDENTIFIER = com.plexustechnology.IntroScreenUITests;
				PRODUCT_NAME = "$(TARGET_NAME)";
				SWIFT_EMIT_LOC_STRINGS = NO;
				SWIFT_VERSION = 5.0;
				TARGETED_DEVICE_FAMILY = "1,2";
				TEST_TARGET_NAME = IntroScreen;
			};
			name = Debug;
		};
		BD25EE9B2BED58E900347572 /* Release */ = {
			isa = XCBuildConfiguration;
			buildSettings = {
				ALWAYS_EMBED_SWIFT_STANDARD_LIBRARIES = YES;
				CODE_SIGN_STYLE = Automatic;
				CURRENT_PROJECT_VERSION = 1;
				GENERATE_INFOPLIST_FILE = YES;
				MARKETING_VERSION = 1.0;
				PRODUCT_BUNDLE_IDENTIFIER = com.plexustechnology.IntroScreenUITests;
				PRODUCT_NAME = "$(TARGET_NAME)";
				SWIFT_EMIT_LOC_STRINGS = NO;
				SWIFT_VERSION = 5.0;
				TARGETED_DEVICE_FAMILY = "1,2";
				TEST_TARGET_NAME = IntroScreen;
			};
			name = Release;
		};
/* End XCBuildConfiguration section */

/* Begin XCConfigurationList section */
		BD25EE642BED58E700347572 /* Build configuration list for PBXProject "IntroScreen" */ = {
			isa = XCConfigurationList;
			buildConfigurations = (
				BD25EE912BED58E900347572 /* Debug */,
				BD25EE922BED58E900347572 /* Release */,
			);
			defaultConfigurationIsVisible = 0;
			defaultConfigurationName = Release;
		};
		BD25EE932BED58E900347572 /* Build configuration list for PBXNativeTarget "IntroScreen" */ = {
			isa = XCConfigurationList;
			buildConfigurations = (
				BD25EE942BED58E900347572 /* Debug */,
				BD25EE952BED58E900347572 /* Release */,
			);
			defaultConfigurationIsVisible = 0;
			defaultConfigurationName = Release;
		};
		BD25EE962BED58E900347572 /* Build configuration list for PBXNativeTarget "IntroScreenTests" */ = {
			isa = XCConfigurationList;
			buildConfigurations = (
				BD25EE972BED58E900347572 /* Debug */,
				BD25EE982BED58E900347572 /* Release */,
			);
			defaultConfigurationIsVisible = 0;
			defaultConfigurationName = Release;
		};
		BD25EE992BED58E900347572 /* Build configuration list for PBXNativeTarget "IntroScreenUITests" */ = {
			isa = XCConfigurationList;
			buildConfigurations = (
				BD25EE9A2BED58E900347572 /* Debug */,
				BD25EE9B2BED58E900347572 /* Release */,
			);
			defaultConfigurationIsVisible = 0;
			defaultConfigurationName = Release;
		};
/* End XCConfigurationList section */
	};
	rootObject = BD25EE612BED58E700347572 /* Project object */;
}
